<?xml version="1.0" encoding="utf-8"?>
<Project ToolsVersion="4.0" xmlns="http://schemas.microsoft.com/developer/msbuild/2003">
  <ItemGroup>
    <Filter Include="Source Files">
      <UniqueIdentifier>{327aa438-37d4-46cc-a921-aadb56a81698}</UniqueIdentifier>
    </Filter>
    <Filter Include="Generated Files">
      <UniqueIdentifier>{58cc2f57-4816-4ec3-85b7-bf286ff176ce}</UniqueIdentifier>
      <SourceControlFiles>False</SourceControlFiles>
    </Filter>
  </ItemGroup>
  <ItemGroup>
    <None Include="MyComTestps.def" />
  </ItemGroup>
  <ItemGroup>
    <ClCompile Include="MyComTest_i.c">
      <Filter>Generated Files</Filter>
    </ClCompile>
    <ClCompile Include="MyComTest_p.c">
      <Filter>Generated Files</Filter>
    </ClCompile>
    <ClCompile Include="dlldata.c">
      <Filter>Generated Files</Filter>
    </ClCompile>
  </ItemGroup>
</Project>